
Microsoft Visual Studio Solution File, Format Version 12.00
# Visual Studio Version 17
VisualStudioVersion = 17.0.32112.339
MinimumVisualStudioVersion = 10.0.40219.1
Project("{FAE04EC0-301F-11D3-BF4B-00C04F79EFBC}") = "DataStructure_Algorithms", "DataStructure_Algorithms.csproj", "{3C6B0C76-CADC-4C13-995F-52379DD5BDF0}"
EndProject
Global
	GlobalSection(SolutionConfigurationPlatforms) = preSolution
		Debug|Any CPU = Debug|Any CPU
		Release|Any CPU = Release|Any CPU
	EndGlobalSection
	GlobalSection(ProjectConfigurationPlatforms) = postSolution
		{3C6B0C76-CADC-4C13-995F-52379DD5BDF0}.Debug|Any CPU.ActiveCfg = Debug|Any CPU
		{3C6B0C76-CADC-4C13-995F-52379DD5BDF0}.Debug|Any CPU.Build.0 = Debug|Any CPU
		{3C6B0C76-CADC-4C13-995F-52379DD5BDF0}.Release|Any CPU.ActiveCfg = Release|Any CPU
		{3C6B0C76-CADC-4C13-995F-52379DD5BDF0}.Release|Any CPU.Build.0 = Release|Any CPU
	EndGlobalSection
	GlobalSection(SolutionProperties) = preSolution
		HideSolutionNode = FALSE
	EndGlobalSection
	GlobalSection(ExtensibilityGlobals) = postSolution
		SolutionGuid = {7D757F12-B4E2-44EB-B4C7-257064EC3109}
	EndGlobalSection
EndGlobal
